
Microsoft Visual Studio Solution File, Format Version 12.00
# Visual Studio Version 16
VisualStudioVersion = 16.0.31911.196
MinimumVisualStudioVersion = 10.0.40219.1
Project("{FAE04EC0-301F-11D3-BF4B-00C04F79EFBC}") = "Assignment", "Assignment\Assignment.csproj", "{31C298A8-A8C6-4512-B147-5E7F54B4E937}"
EndProject
Global
	GlobalSection(SolutionConfigurationPlatforms) = preSolution
		Debug|Any CPU = Debug|Any CPU
		Release|Any CPU = Release|Any CPU
	EndGlobalSection
	GlobalSection(ProjectConfigurationPlatforms) = postSolution
		{31C298A8-A8C6-4512-B147-5E7F54B4E937}.Debug|Any CPU.ActiveCfg = Debug|Any CPU
		{31C298A8-A8C6-4512-B147-5E7F54B4E937}.Debug|Any CPU.Build.0 = Debug|Any CPU
		{31C298A8-A8C6-4512-B147-5E7F54B4E937}.Release|Any CPU.ActiveCfg = Release|Any CPU
		{31C298A8-A8C6-4512-B147-5E7F54B4E937}.Release|Any CPU.Build.0 = Release|Any CPU
	EndGlobalSection
	GlobalSection(SolutionProperties) = preSolution
		HideSolutionNode = FALSE
	EndGlobalSection
	GlobalSection(ExtensibilityGlobals) = postSolution
		SolutionGuid = {FEDC390F-420F-4932-BF36-EB8BB6AE397A}
	EndGlobalSection
EndGlobal
