
Microsoft Visual Studio Solution File, Format Version 12.00
# Visual Studio Version 16
VisualStudioVersion = 16.0.32002.261
MinimumVisualStudioVersion = 10.0.40219.1
Project("{FAE04EC0-301F-11D3-BF4B-00C04F79EFBC}") = "Cubes", "Cubes\Cubes.csproj", "{26C993DE-F702-4061-9328-170E85BA6EA2}"
EndProject
Global
	GlobalSection(SolutionConfigurationPlatforms) = preSolution
		Debug|Any CPU = Debug|Any CPU
		Release|Any CPU = Release|Any CPU
	EndGlobalSection
	GlobalSection(ProjectConfigurationPlatforms) = postSolution
		{26C993DE-F702-4061-9328-170E85BA6EA2}.Debug|Any CPU.ActiveCfg = Debug|Any CPU
		{26C993DE-F702-4061-9328-170E85BA6EA2}.Debug|Any CPU.Build.0 = Debug|Any CPU
		{26C993DE-F702-4061-9328-170E85BA6EA2}.Release|Any CPU.ActiveCfg = Release|Any CPU
		{26C993DE-F702-4061-9328-170E85BA6EA2}.Release|Any CPU.Build.0 = Release|Any CPU
	EndGlobalSection
	GlobalSection(SolutionProperties) = preSolution
		HideSolutionNode = FALSE
	EndGlobalSection
	GlobalSection(ExtensibilityGlobals) = postSolution
		SolutionGuid = {A26C5201-B70A-48AF-8C92-2825858BADC3}
	EndGlobalSection
EndGlobal
