
Microsoft Visual Studio Solution File, Format Version 12.00
# Visual Studio Version 16
VisualStudioVersion = 16.0.32002.261
MinimumVisualStudioVersion = 10.0.40219.1
Project("{FAE04EC0-301F-11D3-BF4B-00C04F79EFBC}") = "Swapping", "Swapping\Swapping.csproj", "{83ECD645-F253-4D76-827D-D981168A73C7}"
EndProject
Global
	GlobalSection(SolutionConfigurationPlatforms) = preSolution
		Debug|Any CPU = Debug|Any CPU
		Release|Any CPU = Release|Any CPU
	EndGlobalSection
	GlobalSection(ProjectConfigurationPlatforms) = postSolution
		{83ECD645-F253-4D76-827D-D981168A73C7}.Debug|Any CPU.ActiveCfg = Debug|Any CPU
		{83ECD645-F253-4D76-827D-D981168A73C7}.Debug|Any CPU.Build.0 = Debug|Any CPU
		{83ECD645-F253-4D76-827D-D981168A73C7}.Release|Any CPU.ActiveCfg = Release|Any CPU
		{83ECD645-F253-4D76-827D-D981168A73C7}.Release|Any CPU.Build.0 = Release|Any CPU
	EndGlobalSection
	GlobalSection(SolutionProperties) = preSolution
		HideSolutionNode = FALSE
	EndGlobalSection
	GlobalSection(ExtensibilityGlobals) = postSolution
		SolutionGuid = {A02359C4-03D1-4EBF-BE6B-2D3D676E88AE}
	EndGlobalSection
EndGlobal
