
Microsoft Visual Studio Solution File, Format Version 12.00
# Visual Studio Version 16
VisualStudioVersion = 16.0.32002.261
MinimumVisualStudioVersion = 10.0.40219.1
Project("{FAE04EC0-301F-11D3-BF4B-00C04F79EFBC}") = "Temperature", "Temperature\Temperature.csproj", "{18EA9903-276A-4501-8D36-D2CF65D55A12}"
EndProject
Global
	GlobalSection(SolutionConfigurationPlatforms) = preSolution
		Debug|Any CPU = Debug|Any CPU
		Release|Any CPU = Release|Any CPU
	EndGlobalSection
	GlobalSection(ProjectConfigurationPlatforms) = postSolution
		{18EA9903-276A-4501-8D36-D2CF65D55A12}.Debug|Any CPU.ActiveCfg = Debug|Any CPU
		{18EA9903-276A-4501-8D36-D2CF65D55A12}.Debug|Any CPU.Build.0 = Debug|Any CPU
		{18EA9903-276A-4501-8D36-D2CF65D55A12}.Release|Any CPU.ActiveCfg = Release|Any CPU
		{18EA9903-276A-4501-8D36-D2CF65D55A12}.Release|Any CPU.Build.0 = Release|Any CPU
	EndGlobalSection
	GlobalSection(SolutionProperties) = preSolution
		HideSolutionNode = FALSE
	EndGlobalSection
	GlobalSection(ExtensibilityGlobals) = postSolution
		SolutionGuid = {E132535F-9844-4300-98D1-C87C45720993}
	EndGlobalSection
EndGlobal
