
Microsoft Visual Studio Solution File, Format Version 12.00
# Visual Studio Version 16
VisualStudioVersion = 16.0.32002.261
MinimumVisualStudioVersion = 10.0.40219.1
Project("{FAE04EC0-301F-11D3-BF4B-00C04F79EFBC}") = "Student", "Student\Student.csproj", "{DD0D5189-9A0A-45A1-89DF-FAB59A53717B}"
EndProject
Global
	GlobalSection(SolutionConfigurationPlatforms) = preSolution
		Debug|Any CPU = Debug|Any CPU
		Release|Any CPU = Release|Any CPU
	EndGlobalSection
	GlobalSection(ProjectConfigurationPlatforms) = postSolution
		{DD0D5189-9A0A-45A1-89DF-FAB59A53717B}.Debug|Any CPU.ActiveCfg = Debug|Any CPU
		{DD0D5189-9A0A-45A1-89DF-FAB59A53717B}.Debug|Any CPU.Build.0 = Debug|Any CPU
		{DD0D5189-9A0A-45A1-89DF-FAB59A53717B}.Release|Any CPU.ActiveCfg = Release|Any CPU
		{DD0D5189-9A0A-45A1-89DF-FAB59A53717B}.Release|Any CPU.Build.0 = Release|Any CPU
	EndGlobalSection
	GlobalSection(SolutionProperties) = preSolution
		HideSolutionNode = FALSE
	EndGlobalSection
	GlobalSection(ExtensibilityGlobals) = postSolution
		SolutionGuid = {950D261C-401D-4C74-A990-A01AC5455B43}
	EndGlobalSection
EndGlobal
